
Microsoft Visual Studio Solution File, Format Version 12.00
# Visual Studio Version 16
Project("{8BC9CEB8-8B4A-11D0-8D11-00A0C91BC942}") = "EzGlobalUpdater", "EzGlobalUpdater\EzGlobalUpdater.vcxproj", "{8ABCD34B-F647-4110-FF58-C4046B639D10}"
EndProject
Project("{8BC9CEB8-8B4A-11D0-8D11-00A0C91BC942}") = "EzScriptCore", "EzScriptCore\EzScriptCore.vcxproj", "{A24E8549-8EB1-14EE-3737-4DA42379E070}"
EndProject
Project("{8BC9CEB8-8B4A-11D0-8D11-00A0C91BC942}") = "magic_enum", "vendor\magic_enum\magic_enum.vcxproj", "{3A2153A0-26D9-94ED-8FE0-6D497BB72FDE}"
EndProject
Global
	GlobalSection(SolutionConfigurationPlatforms) = preSolution
		Debug|x64 = Debug|x64
		Release|x64 = Release|x64
	EndGlobalSection
	GlobalSection(ProjectConfigurationPlatforms) = postSolution
		{8ABCD34B-F647-4110-FF58-C4046B639D10}.Debug|x64.ActiveCfg = Debug|x64
		{8ABCD34B-F647-4110-FF58-C4046B639D10}.Debug|x64.Build.0 = Debug|x64
		{8ABCD34B-F647-4110-FF58-C4046B639D10}.Release|x64.ActiveCfg = Release|x64
		{8ABCD34B-F647-4110-FF58-C4046B639D10}.Release|x64.Build.0 = Release|x64
		{A24E8549-8EB1-14EE-3737-4DA42379E070}.Debug|x64.ActiveCfg = Debug|x64
		{A24E8549-8EB1-14EE-3737-4DA42379E070}.Debug|x64.Build.0 = Debug|x64
		{A24E8549-8EB1-14EE-3737-4DA42379E070}.Release|x64.ActiveCfg = Release|x64
		{A24E8549-8EB1-14EE-3737-4DA42379E070}.Release|x64.Build.0 = Release|x64
		{3A2153A0-26D9-94ED-8FE0-6D497BB72FDE}.Debug|x64.ActiveCfg = Debug|x64
		{3A2153A0-26D9-94ED-8FE0-6D497BB72FDE}.Release|x64.ActiveCfg = Release|x64
	EndGlobalSection
	GlobalSection(SolutionProperties) = preSolution
		HideSolutionNode = FALSE
	EndGlobalSection
EndGlobal
