<?xml version="1.0" encoding="utf-8"?>
<Project ToolsVersion="4.0" xmlns="http://schemas.microsoft.com/developer/msbuild/2003">
  <ItemGroup>
    <Filter Include="EzDecompiler">
      <UniqueIdentifier>{288FAEE4-14F2-3D89-BD77-763FA9B9090C}</UniqueIdentifier>
    </Filter>
    <Filter Include="EzFunction">
      <UniqueIdentifier>{CA290BA0-B6E1-4CED-1FE9-25490BC0E7DD}</UniqueIdentifier>
    </Filter>
    <Filter Include="EzInstruction">
      <UniqueIdentifier>{062DE4AA-72ED-5FE1-3B28-A95EA7A7A4BD}</UniqueIdentifier>
    </Filter>
    <Filter Include="EzInstruction\Instructions">
      <UniqueIdentifier>{0A2AE3AC-F639-8F7D-5FF3-F39B4B227E16}</UniqueIdentifier>
    </Filter>
    <Filter Include="EzSignature">
      <UniqueIdentifier>{d6863637-8405-4dbf-8552-3feaf67af1b7}</UniqueIdentifier>
    </Filter>
  </ItemGroup>
  <ItemGroup>
    <ClInclude Include="EzBuffer.h" />
    <ClInclude Include="EzDecompiler\EzDecompiler.h">
      <Filter>EzDecompiler</Filter>
    </ClInclude>
    <ClInclude Include="EzDecompiler\EzVariables.h">
      <Filter>EzDecompiler</Filter>
    </ClInclude>
    <ClInclude Include="EzFunction\EzFunction.h">
      <Filter>EzFunction</Filter>
    </ClInclude>
    <ClInclude Include="EzInstruction\EzInstruction.h">
      <Filter>EzInstruction</Filter>
    </ClInclude>
    <ClInclude Include="EzInstruction\Instructions\EzJmp.h">
      <Filter>EzInstruction\Instructions</Filter>
    </ClInclude>
    <ClInclude Include="EzInstruction\Instructions\EzSwitch.h">
      <Filter>EzInstruction\Instructions</Filter>
    </ClInclude>
    <ClInclude Include="EzSrcProgram.h" />
    <ClInclude Include="RageEnums.h" />
    <ClInclude Include="pch.h" />
    <ClInclude Include="EzInstruction\Instructions\EzNativeCall.h">
      <Filter>EzInstruction\Instructions</Filter>
    </ClInclude>
    <ClInclude Include="EzInstruction\Instructions\EzVarInstr.h">
      <Filter>EzInstruction\Instructions</Filter>
    </ClInclude>
    <ClInclude Include="EzInstruction\Instructions\EzCall.h">
      <Filter>EzInstruction\Instructions</Filter>
    </ClInclude>
    <ClInclude Include="EzInstruction\Instructions\EzFloatPush.h">
      <Filter>EzInstruction\Instructions</Filter>
    </ClInclude>
    <ClInclude Include="EzSignature\EzSignature.h">
      <Filter>EzSignature</Filter>
    </ClInclude>
  </ItemGroup>
  <ItemGroup>
    <ClCompile Include="EzBuffer.cpp" />
    <ClCompile Include="EzDecompiler\EzDecompiler.cpp">
      <Filter>EzDecompiler</Filter>
    </ClCompile>
    <ClCompile Include="EzFunction\EzFunction.cpp">
      <Filter>EzFunction</Filter>
    </ClCompile>
    <ClCompile Include="EzInstruction\EzInstruction.cpp">
      <Filter>EzInstruction</Filter>
    </ClCompile>
    <ClCompile Include="EzInstruction\Instructions\EzJmp.cpp">
      <Filter>EzInstruction\Instructions</Filter>
    </ClCompile>
    <ClCompile Include="EzInstruction\Instructions\EzSwitch.cpp">
      <Filter>EzInstruction\Instructions</Filter>
    </ClCompile>
    <ClCompile Include="EzSrcProgram.cpp" />
    <ClCompile Include="pch.cpp" />
    <ClCompile Include="EzInstruction\Instructions\EzNativeCall.cpp">
      <Filter>EzInstruction\Instructions</Filter>
    </ClCompile>
    <ClCompile Include="EzInstruction\Instructions\EzVarInstr.cpp">
      <Filter>EzInstruction\Instructions</Filter>
    </ClCompile>
    <ClCompile Include="EzInstruction\Instructions\EzCall.cpp">
      <Filter>EzInstruction\Instructions</Filter>
    </ClCompile>
    <ClCompile Include="EzInstruction\Instructions\EzFloatPush.cpp">
      <Filter>EzInstruction\Instructions</Filter>
    </ClCompile>
    <ClCompile Include="EzSignature\EzSignature.cpp">
      <Filter>EzSignature</Filter>
    </ClCompile>
  </ItemGroup>
</Project>